
Microsoft Visual Studio Solution File, Format Version 12.00
# Visual Studio 15
VisualStudioVersion = 15.0.26124.0
MinimumVisualStudioVersion = 15.0.26124.0
Project("{2150E333-8FDC-42A3-9474-1A3956D46DE8}") = "Layers", "Layers", "{2F86C701-7990-49E6-BB5C-5F1D2D0BD94A}"
EndProject
Project("{2150E333-8FDC-42A3-9474-1A3956D46DE8}") = "1.1 Distributed Services", "1.1 Distributed Services", "{DD8DB750-2DB5-4C21-B41D-681AF8C1F8E2}"
EndProject
Project("{FAE04EC0-301F-11D3-BF4B-00C04F79EFBC}") = "API", "Layers\1.1 Distributed Services\API\API.csproj", "{54E3C75B-0C09-49F8-8396-D4C840274DDC}"
EndProject
Project("{2150E333-8FDC-42A3-9474-1A3956D46DE8}") = "1.2 Aplicacion", "1.2 Aplicacion", "{F778EE42-1C4E-434E-8C10-B191C41D34B3}"
EndProject
Project("{FAE04EC0-301F-11D3-BF4B-00C04F79EFBC}") = "Application", "Layers\1.2 Aplicacion\Application\Application.csproj", "{2B491BAF-190C-4075-AA82-B4D5069D6877}"
EndProject
Project("{FAE04EC0-301F-11D3-BF4B-00C04F79EFBC}") = "Contracts", "Layers\1.2 Aplicacion\Contracts\Contracts.csproj", "{1C9F63E2-F5EA-4548-B399-D62094A70AA4}"
EndProject
Project("{FAE04EC0-301F-11D3-BF4B-00C04F79EFBC}") = "Application.Tests", "Layers\1.2 Aplicacion\Application.Tests\Application.Tests.csproj", "{416A5711-85A7-4212-AA5F-03EF64DE1D39}"
EndProject
Project("{2150E333-8FDC-42A3-9474-1A3956D46DE8}") = "1.3 Business", "1.3 Business", "{83071BAD-E0E0-4B29-985C-A32DDF92E891}"
EndProject
Project("{FAE04EC0-301F-11D3-BF4B-00C04F79EFBC}") = "Api.Business", "Layers\1.3 Business\Api.Business\Api.Business.csproj", "{D44F1A77-71AE-468A-A768-C25F142DBDCC}"
EndProject
Project("{2150E333-8FDC-42A3-9474-1A3956D46DE8}") = "1.4 DataAccess", "1.4 DataAccess", "{EA7E6281-95BA-4C49-ABE1-02B76B03D257}"
EndProject
Project("{FAE04EC0-301F-11D3-BF4B-00C04F79EFBC}") = "Api.DataAccess", "Layers\1.4 DataAccess\Api.DataAccess\Api.DataAccess.csproj", "{EF88313C-1587-48A7-AEE2-F08A1B5AD034}"
EndProject
Project("{FAE04EC0-301F-11D3-BF4B-00C04F79EFBC}") = "Api.DataAccess.Contracts", "Layers\1.4 DataAccess\Api.DataAccess.Contracts\Api.DataAccess.Contracts.csproj", "{DE1D74BD-B57A-4A6B-819B-F7D8C1F8BBCA}"
EndProject
Project("{2150E333-8FDC-42A3-9474-1A3956D46DE8}") = "1.5 Cross Cutting", "1.5 Cross Cutting", "{28C4B36A-FD5E-43B0-83DE-0B7399A67F85}"
EndProject
Project("{FAE04EC0-301F-11D3-BF4B-00C04F79EFBC}") = "Api.CrossCutting", "Layers\1.5 Cross Cutting\Api.CrossCutting\Api.CrossCutting.csproj", "{02DECB0E-FC6A-4672-9065-D8F1CDFBC2C9}"
EndProject
Global
	GlobalSection(SolutionProperties) = preSolution
		HideSolutionNode = FALSE
	EndGlobalSection
	GlobalSection(SolutionConfigurationPlatforms) = preSolution
		Debug|Any CPU = Debug|Any CPU
		Debug|x64 = Debug|x64
		Debug|x86 = Debug|x86
		Release|Any CPU = Release|Any CPU
		Release|x64 = Release|x64
		Release|x86 = Release|x86
	EndGlobalSection
	GlobalSection(ProjectConfigurationPlatforms) = postSolution
		{54E3C75B-0C09-49F8-8396-D4C840274DDC}.Debug|Any CPU.ActiveCfg = Debug|Any CPU
		{54E3C75B-0C09-49F8-8396-D4C840274DDC}.Debug|Any CPU.Build.0 = Debug|Any CPU
		{54E3C75B-0C09-49F8-8396-D4C840274DDC}.Debug|x64.ActiveCfg = Debug|Any CPU
		{54E3C75B-0C09-49F8-8396-D4C840274DDC}.Debug|x64.Build.0 = Debug|Any CPU
		{54E3C75B-0C09-49F8-8396-D4C840274DDC}.Debug|x86.ActiveCfg = Debug|Any CPU
		{54E3C75B-0C09-49F8-8396-D4C840274DDC}.Debug|x86.Build.0 = Debug|Any CPU
		{54E3C75B-0C09-49F8-8396-D4C840274DDC}.Release|Any CPU.ActiveCfg = Release|Any CPU
		{54E3C75B-0C09-49F8-8396-D4C840274DDC}.Release|Any CPU.Build.0 = Release|Any CPU
		{54E3C75B-0C09-49F8-8396-D4C840274DDC}.Release|x64.ActiveCfg = Release|Any CPU
		{54E3C75B-0C09-49F8-8396-D4C840274DDC}.Release|x64.Build.0 = Release|Any CPU
		{54E3C75B-0C09-49F8-8396-D4C840274DDC}.Release|x86.ActiveCfg = Release|Any CPU
		{54E3C75B-0C09-49F8-8396-D4C840274DDC}.Release|x86.Build.0 = Release|Any CPU
		{2B491BAF-190C-4075-AA82-B4D5069D6877}.Debug|Any CPU.ActiveCfg = Debug|Any CPU
		{2B491BAF-190C-4075-AA82-B4D5069D6877}.Debug|Any CPU.Build.0 = Debug|Any CPU
		{2B491BAF-190C-4075-AA82-B4D5069D6877}.Debug|x64.ActiveCfg = Debug|Any CPU
		{2B491BAF-190C-4075-AA82-B4D5069D6877}.Debug|x64.Build.0 = Debug|Any CPU
		{2B491BAF-190C-4075-AA82-B4D5069D6877}.Debug|x86.ActiveCfg = Debug|Any CPU
		{2B491BAF-190C-4075-AA82-B4D5069D6877}.Debug|x86.Build.0 = Debug|Any CPU
		{2B491BAF-190C-4075-AA82-B4D5069D6877}.Release|Any CPU.ActiveCfg = Release|Any CPU
		{2B491BAF-190C-4075-AA82-B4D5069D6877}.Release|Any CPU.Build.0 = Release|Any CPU
		{2B491BAF-190C-4075-AA82-B4D5069D6877}.Release|x64.ActiveCfg = Release|Any CPU
		{2B491BAF-190C-4075-AA82-B4D5069D6877}.Release|x64.Build.0 = Release|Any CPU
		{2B491BAF-190C-4075-AA82-B4D5069D6877}.Release|x86.ActiveCfg = Release|Any CPU
		{2B491BAF-190C-4075-AA82-B4D5069D6877}.Release|x86.Build.0 = Release|Any CPU
		{1C9F63E2-F5EA-4548-B399-D62094A70AA4}.Debug|Any CPU.ActiveCfg = Debug|Any CPU
		{1C9F63E2-F5EA-4548-B399-D62094A70AA4}.Debug|Any CPU.Build.0 = Debug|Any CPU
		{1C9F63E2-F5EA-4548-B399-D62094A70AA4}.Debug|x64.ActiveCfg = Debug|Any CPU
		{1C9F63E2-F5EA-4548-B399-D62094A70AA4}.Debug|x64.Build.0 = Debug|Any CPU
		{1C9F63E2-F5EA-4548-B399-D62094A70AA4}.Debug|x86.ActiveCfg = Debug|Any CPU
		{1C9F63E2-F5EA-4548-B399-D62094A70AA4}.Debug|x86.Build.0 = Debug|Any CPU
		{1C9F63E2-F5EA-4548-B399-D62094A70AA4}.Release|Any CPU.ActiveCfg = Release|Any CPU
		{1C9F63E2-F5EA-4548-B399-D62094A70AA4}.Release|Any CPU.Build.0 = Release|Any CPU
		{1C9F63E2-F5EA-4548-B399-D62094A70AA4}.Release|x64.ActiveCfg = Release|Any CPU
		{1C9F63E2-F5EA-4548-B399-D62094A70AA4}.Release|x64.Build.0 = Release|Any CPU
		{1C9F63E2-F5EA-4548-B399-D62094A70AA4}.Release|x86.ActiveCfg = Release|Any CPU
		{1C9F63E2-F5EA-4548-B399-D62094A70AA4}.Release|x86.Build.0 = Release|Any CPU
		{416A5711-85A7-4212-AA5F-03EF64DE1D39}.Debug|Any CPU.ActiveCfg = Debug|Any CPU
		{416A5711-85A7-4212-AA5F-03EF64DE1D39}.Debug|Any CPU.Build.0 = Debug|Any CPU
		{416A5711-85A7-4212-AA5F-03EF64DE1D39}.Debug|x64.ActiveCfg = Debug|Any CPU
		{416A5711-85A7-4212-AA5F-03EF64DE1D39}.Debug|x64.Build.0 = Debug|Any CPU
		{416A5711-85A7-4212-AA5F-03EF64DE1D39}.Debug|x86.ActiveCfg = Debug|Any CPU
		{416A5711-85A7-4212-AA5F-03EF64DE1D39}.Debug|x86.Build.0 = Debug|Any CPU
		{416A5711-85A7-4212-AA5F-03EF64DE1D39}.Release|Any CPU.ActiveCfg = Release|Any CPU
		{416A5711-85A7-4212-AA5F-03EF64DE1D39}.Release|Any CPU.Build.0 = Release|Any CPU
		{416A5711-85A7-4212-AA5F-03EF64DE1D39}.Release|x64.ActiveCfg = Release|Any CPU
		{416A5711-85A7-4212-AA5F-03EF64DE1D39}.Release|x64.Build.0 = Release|Any CPU
		{416A5711-85A7-4212-AA5F-03EF64DE1D39}.Release|x86.ActiveCfg = Release|Any CPU
		{416A5711-85A7-4212-AA5F-03EF64DE1D39}.Release|x86.Build.0 = Release|Any CPU
		{D44F1A77-71AE-468A-A768-C25F142DBDCC}.Debug|Any CPU.ActiveCfg = Debug|Any CPU
		{D44F1A77-71AE-468A-A768-C25F142DBDCC}.Debug|Any CPU.Build.0 = Debug|Any CPU
		{D44F1A77-71AE-468A-A768-C25F142DBDCC}.Debug|x64.ActiveCfg = Debug|Any CPU
		{D44F1A77-71AE-468A-A768-C25F142DBDCC}.Debug|x64.Build.0 = Debug|Any CPU
		{D44F1A77-71AE-468A-A768-C25F142DBDCC}.Debug|x86.ActiveCfg = Debug|Any CPU
		{D44F1A77-71AE-468A-A768-C25F142DBDCC}.Debug|x86.Build.0 = Debug|Any CPU
		{D44F1A77-71AE-468A-A768-C25F142DBDCC}.Release|Any CPU.ActiveCfg = Release|Any CPU
		{D44F1A77-71AE-468A-A768-C25F142DBDCC}.Release|Any CPU.Build.0 = Release|Any CPU
		{D44F1A77-71AE-468A-A768-C25F142DBDCC}.Release|x64.ActiveCfg = Release|Any CPU
		{D44F1A77-71AE-468A-A768-C25F142DBDCC}.Release|x64.Build.0 = Release|Any CPU
		{D44F1A77-71AE-468A-A768-C25F142DBDCC}.Release|x86.ActiveCfg = Release|Any CPU
		{D44F1A77-71AE-468A-A768-C25F142DBDCC}.Release|x86.Build.0 = Release|Any CPU
		{EF88313C-1587-48A7-AEE2-F08A1B5AD034}.Debug|Any CPU.ActiveCfg = Debug|Any CPU
		{EF88313C-1587-48A7-AEE2-F08A1B5AD034}.Debug|Any CPU.Build.0 = Debug|Any CPU
		{EF88313C-1587-48A7-AEE2-F08A1B5AD034}.Debug|x64.ActiveCfg = Debug|Any CPU
		{EF88313C-1587-48A7-AEE2-F08A1B5AD034}.Debug|x64.Build.0 = Debug|Any CPU
		{EF88313C-1587-48A7-AEE2-F08A1B5AD034}.Debug|x86.ActiveCfg = Debug|Any CPU
		{EF88313C-1587-48A7-AEE2-F08A1B5AD034}.Debug|x86.Build.0 = Debug|Any CPU
		{EF88313C-1587-48A7-AEE2-F08A1B5AD034}.Release|Any CPU.ActiveCfg = Release|Any CPU
		{EF88313C-1587-48A7-AEE2-F08A1B5AD034}.Release|Any CPU.Build.0 = Release|Any CPU
		{EF88313C-1587-48A7-AEE2-F08A1B5AD034}.Release|x64.ActiveCfg = Release|Any CPU
		{EF88313C-1587-48A7-AEE2-F08A1B5AD034}.Release|x64.Build.0 = Release|Any CPU
		{EF88313C-1587-48A7-AEE2-F08A1B5AD034}.Release|x86.ActiveCfg = Release|Any CPU
		{EF88313C-1587-48A7-AEE2-F08A1B5AD034}.Release|x86.Build.0 = Release|Any CPU
		{DE1D74BD-B57A-4A6B-819B-F7D8C1F8BBCA}.Debug|Any CPU.ActiveCfg = Debug|Any CPU
		{DE1D74BD-B57A-4A6B-819B-F7D8C1F8BBCA}.Debug|Any CPU.Build.0 = Debug|Any CPU
		{DE1D74BD-B57A-4A6B-819B-F7D8C1F8BBCA}.Debug|x64.ActiveCfg = Debug|Any CPU
		{DE1D74BD-B57A-4A6B-819B-F7D8C1F8BBCA}.Debug|x64.Build.0 = Debug|Any CPU
		{DE1D74BD-B57A-4A6B-819B-F7D8C1F8BBCA}.Debug|x86.ActiveCfg = Debug|Any CPU
		{DE1D74BD-B57A-4A6B-819B-F7D8C1F8BBCA}.Debug|x86.Build.0 = Debug|Any CPU
		{DE1D74BD-B57A-4A6B-819B-F7D8C1F8BBCA}.Release|Any CPU.ActiveCfg = Release|Any CPU
		{DE1D74BD-B57A-4A6B-819B-F7D8C1F8BBCA}.Release|Any CPU.Build.0 = Release|Any CPU
		{DE1D74BD-B57A-4A6B-819B-F7D8C1F8BBCA}.Release|x64.ActiveCfg = Release|Any CPU
		{DE1D74BD-B57A-4A6B-819B-F7D8C1F8BBCA}.Release|x64.Build.0 = Release|Any CPU
		{DE1D74BD-B57A-4A6B-819B-F7D8C1F8BBCA}.Release|x86.ActiveCfg = Release|Any CPU
		{DE1D74BD-B57A-4A6B-819B-F7D8C1F8BBCA}.Release|x86.Build.0 = Release|Any CPU
		{02DECB0E-FC6A-4672-9065-D8F1CDFBC2C9}.Debug|Any CPU.ActiveCfg = Debug|Any CPU
		{02DECB0E-FC6A-4672-9065-D8F1CDFBC2C9}.Debug|Any CPU.Build.0 = Debug|Any CPU
		{02DECB0E-FC6A-4672-9065-D8F1CDFBC2C9}.Debug|x64.ActiveCfg = Debug|Any CPU
		{02DECB0E-FC6A-4672-9065-D8F1CDFBC2C9}.Debug|x64.Build.0 = Debug|Any CPU
		{02DECB0E-FC6A-4672-9065-D8F1CDFBC2C9}.Debug|x86.ActiveCfg = Debug|Any CPU
		{02DECB0E-FC6A-4672-9065-D8F1CDFBC2C9}.Debug|x86.Build.0 = Debug|Any CPU
		{02DECB0E-FC6A-4672-9065-D8F1CDFBC2C9}.Release|Any CPU.ActiveCfg = Release|Any CPU
		{02DECB0E-FC6A-4672-9065-D8F1CDFBC2C9}.Release|Any CPU.Build.0 = Release|Any CPU
		{02DECB0E-FC6A-4672-9065-D8F1CDFBC2C9}.Release|x64.ActiveCfg = Release|Any CPU
		{02DECB0E-FC6A-4672-9065-D8F1CDFBC2C9}.Release|x64.Build.0 = Release|Any CPU
		{02DECB0E-FC6A-4672-9065-D8F1CDFBC2C9}.Release|x86.ActiveCfg = Release|Any CPU
		{02DECB0E-FC6A-4672-9065-D8F1CDFBC2C9}.Release|x86.Build.0 = Release|Any CPU
	EndGlobalSection
	GlobalSection(NestedProjects) = preSolution
		{DD8DB750-2DB5-4C21-B41D-681AF8C1F8E2} = {2F86C701-7990-49E6-BB5C-5F1D2D0BD94A}
		{54E3C75B-0C09-49F8-8396-D4C840274DDC} = {DD8DB750-2DB5-4C21-B41D-681AF8C1F8E2}
		{F778EE42-1C4E-434E-8C10-B191C41D34B3} = {2F86C701-7990-49E6-BB5C-5F1D2D0BD94A}
		{2B491BAF-190C-4075-AA82-B4D5069D6877} = {F778EE42-1C4E-434E-8C10-B191C41D34B3}
		{1C9F63E2-F5EA-4548-B399-D62094A70AA4} = {F778EE42-1C4E-434E-8C10-B191C41D34B3}
		{416A5711-85A7-4212-AA5F-03EF64DE1D39} = {F778EE42-1C4E-434E-8C10-B191C41D34B3}
		{83071BAD-E0E0-4B29-985C-A32DDF92E891} = {2F86C701-7990-49E6-BB5C-5F1D2D0BD94A}
		{D44F1A77-71AE-468A-A768-C25F142DBDCC} = {83071BAD-E0E0-4B29-985C-A32DDF92E891}
		{EA7E6281-95BA-4C49-ABE1-02B76B03D257} = {2F86C701-7990-49E6-BB5C-5F1D2D0BD94A}
		{EF88313C-1587-48A7-AEE2-F08A1B5AD034} = {EA7E6281-95BA-4C49-ABE1-02B76B03D257}
		{DE1D74BD-B57A-4A6B-819B-F7D8C1F8BBCA} = {EA7E6281-95BA-4C49-ABE1-02B76B03D257}
		{28C4B36A-FD5E-43B0-83DE-0B7399A67F85} = {2F86C701-7990-49E6-BB5C-5F1D2D0BD94A}
		{02DECB0E-FC6A-4672-9065-D8F1CDFBC2C9} = {28C4B36A-FD5E-43B0-83DE-0B7399A67F85}
	EndGlobalSection
EndGlobal
